
Microsoft Visual Studio Solution File, Format Version 12.00
# Visual Studio Version 17
VisualStudioVersion = 17.5.33530.505
MinimumVisualStudioVersion = 10.0.40219.1
Project("{FAE04EC0-301F-11D3-BF4B-00C04F79EFBC}") = "ConsoleApp1", "ConsoleApp1\ConsoleApp1.csproj", "{4BA109D9-DF82-4720-A4C3-B4A88E8A01AE}"
EndProject
Global
	GlobalSection(SolutionConfigurationPlatforms) = preSolution
		Debug|Any CPU = Debug|Any CPU
		Release|Any CPU = Release|Any CPU
	EndGlobalSection
	GlobalSection(ProjectConfigurationPlatforms) = postSolution
		{4BA109D9-DF82-4720-A4C3-B4A88E8A01AE}.Debug|Any CPU.ActiveCfg = Debug|Any CPU
		{4BA109D9-DF82-4720-A4C3-B4A88E8A01AE}.Debug|Any CPU.Build.0 = Debug|Any CPU
		{4BA109D9-DF82-4720-A4C3-B4A88E8A01AE}.Release|Any CPU.ActiveCfg = Release|Any CPU
		{4BA109D9-DF82-4720-A4C3-B4A88E8A01AE}.Release|Any CPU.Build.0 = Release|Any CPU
	EndGlobalSection
	GlobalSection(SolutionProperties) = preSolution
		HideSolutionNode = FALSE
	EndGlobalSection
	GlobalSection(ExtensibilityGlobals) = postSolution
		SolutionGuid = {00C34D58-D6F4-4446-A3EF-13CA71192000}
	EndGlobalSection
EndGlobal
